
Microsoft Visual Studio Solution File, Format Version 11.00
# Visual Studio 2010
Project("{FAE04EC0-301F-11D3-BF4B-00C04F79EFBC}") = "BinaryTree", "BinaryTree\BinaryTree.csproj", "{29D0764D-C69E-44B3-88A2-9D0EC50D33C9}"
EndProject
Global
	GlobalSection(SolutionConfigurationPlatforms) = preSolution
		Debug|x86 = Debug|x86
		Release|x86 = Release|x86
	EndGlobalSection
	GlobalSection(ProjectConfigurationPlatforms) = postSolution
		{29D0764D-C69E-44B3-88A2-9D0EC50D33C9}.Debug|x86.ActiveCfg = Debug|x86
		{29D0764D-C69E-44B3-88A2-9D0EC50D33C9}.Debug|x86.Build.0 = Debug|x86
		{29D0764D-C69E-44B3-88A2-9D0EC50D33C9}.Release|x86.ActiveCfg = Release|x86
		{29D0764D-C69E-44B3-88A2-9D0EC50D33C9}.Release|x86.Build.0 = Release|x86
	EndGlobalSection
	GlobalSection(SolutionProperties) = preSolution
		HideSolutionNode = FALSE
	EndGlobalSection
EndGlobal
